// !$*UTF8*$!
{
	archiveVersion = 1;
	classes = {
	};
	objectVersion = 77;
	objects = {

/* Begin PBXBuildFile section */
		042764148780EDB7812B140A /* FamilyView.swift in Sources */ = {isa = PBXBuildFile; fileRef = BEF2281C177FDA4FF11918D7 /* FamilyView.swift */; };
		0C133A95F3225139428AEB9D /* Outfit.swift in Sources */ = {isa = PBXBuildFile; fileRef = FBEBD53A5E34A5282F14B679 /* Outfit.swift */; };
		103AA3AAE0F5FDCDFCE3A27B /* Stats.swift in Sources */ = {isa = PBXBuildFile; fileRef = A49299338383F60CA568A57C /* Stats.swift */; };
		1AE2B246FF197D098A0772DB /* DoctorView.swift in Sources */ = {isa = PBXBuildFile; fileRef = 73E3DC4D1111914759521099 /* DoctorView.swift */; };
		1C2C1D233554E451A7AEF3BA /* GameViewModel.swift in Sources */ = {isa = PBXBuildFile; fileRef = F08BF4B0A45BCA4473598635 /* GameViewModel.swift */; };
		1F5970999F0070B306BB30B9 /* ActivitiesView.swift in Sources */ = {isa = PBXBuildFile; fileRef = 807DCA62E9F38259208D3AE0 /* ActivitiesView.swift */; };
		1FC68FD18E4B0FA767D1C025 /* WeaponShopView.swift in Sources */ = {isa = PBXBuildFile; fileRef = 7E72C831FF36892091044DD2 /* WeaponShopView.swift */; };
		208827C7F0942F487B3A0176 /* LegalTrouble.swift in Sources */ = {isa = PBXBuildFile; fileRef = 7DD94A2F79CA75B58918F92B /* LegalTrouble.swift */; };
		3395742C5A06F58508BC69FD /* JobInterview.swift in Sources */ = {isa = PBXBuildFile; fileRef = 0B3B5598D9FB537170EECCB8 /* JobInterview.swift */; };
		3B02074A4EF89452895BD106 /* LogEntry.swift in Sources */ = {isa = PBXBuildFile; fileRef = 19DA1A1934142FDB6BBCCAEE /* LogEntry.swift */; };
		405BBFB49544E3B18CB1B0D6 /* NameData.swift in Sources */ = {isa = PBXBuildFile; fileRef = DFEB3818BD33EF7DF82DD27A /* NameData.swift */; };
		4247ACA03B44F276C3CA9280 /* Character.swift in Sources */ = {isa = PBXBuildFile; fileRef = D0604CEEB7A19A40A8B1E9AF /* Character.swift */; };
		43BCB1110403CDAFF4909423 /* Condition.swift in Sources */ = {isa = PBXBuildFile; fileRef = 2D3A59BA78E371DC573EC3F2 /* Condition.swift */; };
		4A706FA6D3272057B676EC6C /* WeaponData.swift in Sources */ = {isa = PBXBuildFile; fileRef = C1D83236157BCC115DC46FAE /* WeaponData.swift */; };
		4CAD48B416CA854D474432D5 /* InterviewData.swift in Sources */ = {isa = PBXBuildFile; fileRef = B47B50931C61679879909248 /* InterviewData.swift */; };
		5087D6412618F86ED0C1C9D8 /* GameOverView.swift in Sources */ = {isa = PBXBuildFile; fileRef = 5FA2095FE328DFF72A52D243 /* GameOverView.swift */; };
		5581C48A30CD092B739EA224 /* Friend.swift in Sources */ = {isa = PBXBuildFile; fileRef = E33EF9AA39DF2EC37996EEC0 /* Friend.swift */; };
		562CDB1EDBF645C1A64C6E98 /* JobApplicationOutcome.swift in Sources */ = {isa = PBXBuildFile; fileRef = 2DEFAF6204EFC1CF0D95D074 /* JobApplicationOutcome.swift */; };
		5CEC6E8F6807375097BAF0BF /* ClothingShopView.swift in Sources */ = {isa = PBXBuildFile; fileRef = F69A444E9462F43EB959B677 /* ClothingShopView.swift */; };
		63081AC133304F33513C3AAD /* GameView.swift in Sources */ = {isa = PBXBuildFile; fileRef = 53C4F4296CE4C980B78D63DE /* GameView.swift */; };
		63604B039D2993DAA6104352 /* OutfitData.swift in Sources */ = {isa = PBXBuildFile; fileRef = CB022AE9403EDAFB821D086D /* OutfitData.swift */; };
		69024174CE7E198941038A62 /* MigrationMapView.swift in Sources */ = {isa = PBXBuildFile; fileRef = 92F57A1DD274D4CAED42DFCA /* MigrationMapView.swift */; };
		6A0CBE04805D8B2C1E9FAB6E /* MigrationData.swift in Sources */ = {isa = PBXBuildFile; fileRef = 8112D53C5F44450762DF98E1 /* MigrationData.swift */; };
		705649F38A888B8C021974C8 /* DoctorService.swift in Sources */ = {isa = PBXBuildFile; fileRef = 6FD3A2329ACF91CC73D6AE33 /* DoctorService.swift */; };
		747B66D3D44B388078DB910B /* Activity.swift in Sources */ = {isa = PBXBuildFile; fileRef = BA825208807E9B9A0B9663D2 /* Activity.swift */; };
		750DCFB2CAB3FE36323936F9 /* SoundManager.swift in Sources */ = {isa = PBXBuildFile; fileRef = 6CE9CCC7D842C58779D8EA5B /* SoundManager.swift */; };
		75EBDBAD47139F748B6D8074 /* LifeSimApp.swift in Sources */ = {isa = PBXBuildFile; fileRef = 498BFF093C120E69B110D613 /* LifeSimApp.swift */; };
		7788172E7288C191AA04468E /* LifeStage.swift in Sources */ = {isa = PBXBuildFile; fileRef = 623282954906BA7846CE57D8 /* LifeStage.swift */; };
		78194782D67D09BEC9EA698B /* Job.swift in Sources */ = {isa = PBXBuildFile; fileRef = 76D85EF3919035C3E00339BE /* Job.swift */; };
		796328A154470738DF651A05 /* ShopHubView.swift in Sources */ = {isa = PBXBuildFile; fileRef = 66AC5D8E6F50F35CF3264A33 /* ShopHubView.swift */; };
		7EB91FCEEE66CE0137BC7893 /* CountryData.swift in Sources */ = {isa = PBXBuildFile; fileRef = D40FDAE12002D18E1023C53F /* CountryData.swift */; };
		7F64C49B4253A9EB84794BAE /* PersonSelection.swift in Sources */ = {isa = PBXBuildFile; fileRef = 78F873C48EFB76F65BD21612 /* PersonSelection.swift */; };
		813EF8C7B331C16C5FF2B703 /* FamilyMember.swift in Sources */ = {isa = PBXBuildFile; fileRef = CED6AAECC5CAE2459C65409C /* FamilyMember.swift */; };
		81BCD8E73F3F06DEDDBF229D /* Partner.swift in Sources */ = {isa = PBXBuildFile; fileRef = 1B4B8FA89122585E57A79A2D /* Partner.swift */; };
		858879BD15F5DEE3D3A3543A /* SpeechBubble.swift in Sources */ = {isa = PBXBuildFile; fileRef = 5A87B6C91687DA5A6DC37915 /* SpeechBubble.swift */; };
		867C30143DEA6C06AFD594FF /* ShopView.swift in Sources */ = {isa = PBXBuildFile; fileRef = 38288ABAC88A035D57BEF508 /* ShopView.swift */; };
		8CBAA720C5C06650266730C9 /* StartView.swift in Sources */ = {isa = PBXBuildFile; fileRef = 018C2097B1E6E0D3255A3753 /* StartView.swift */; };
		921BDA30A9A2E5DBA0D854FF /* RelationshipHistory.swift in Sources */ = {isa = PBXBuildFile; fileRef = C4775C17C9D66AD4DF315ADA /* RelationshipHistory.swift */; };
		975820D6854185B9B9D58898 /* JobData.swift in Sources */ = {isa = PBXBuildFile; fileRef = D101AC5AC8FB0BE993EE8D7D /* JobData.swift */; };
		99B7203DE01A074300F17ED5 /* SaveManager.swift in Sources */ = {isa = PBXBuildFile; fileRef = 2E3A5860410EF28ECC0F3501 /* SaveManager.swift */; };
		9DE06E1AA76AC7E845BCB78D /* CultureRegion.swift in Sources */ = {isa = PBXBuildFile; fileRef = 17B94748765106B6478DE17C /* CultureRegion.swift */; };
		9F923B2C45BA402F3D2FEBFD /* CheckupCutsceneView.swift in Sources */ = {isa = PBXBuildFile; fileRef = 8E85E543CB1F0D833B1E3AE4 /* CheckupCutsceneView.swift */; };
		AF0915785488327A829E5D57 /* Accessory.swift in Sources */ = {isa = PBXBuildFile; fileRef = 5418A06147AECE762D53415A /* Accessory.swift */; };
		B2A85308AB72B5622FC835F8 /* PersonDetailView.swift in Sources */ = {isa = PBXBuildFile; fileRef = 6BAFAA6748BD5B24E4CDBE78 /* PersonDetailView.swift */; };
		B595ACD02E372299A81F9D5B /* MigrationQuizView.swift in Sources */ = {isa = PBXBuildFile; fileRef = EE0E4DE72C3AB269C72E314B /* MigrationQuizView.swift */; };
		B5FEDC8269674D94F4A300B0 /* CheckupOutcome.swift in Sources */ = {isa = PBXBuildFile; fileRef = 314E4F47907ED17B31F664A5 /* CheckupOutcome.swift */; };
		BC69B176B990AB99B41C29DB /* LifeEvent.swift in Sources */ = {isa = PBXBuildFile; fileRef = BBFB5CA3026FDF725487F624 /* LifeEvent.swift */; };
		C4D50223AC587DC40587996C /* JobApplicationCutsceneView.swift in Sources */ = {isa = PBXBuildFile; fileRef = E4B6007B7A2904594915715D /* JobApplicationCutsceneView.swift */; };
		CBE5B375FC9BB0D7AB1A59FD /* Weapon.swift in Sources */ = {isa = PBXBuildFile; fileRef = A75C4D4EC9633DD8EC0D5D4B /* Weapon.swift */; };
		D4033146C8AEDDE24B0ECFCD /* Robbery.swift in Sources */ = {isa = PBXBuildFile; fileRef = B603302A0DE0BDD25696C152 /* Robbery.swift */; };
		D5EBD3AB73455DE2FA3FF2A1 /* EventData.swift in Sources */ = {isa = PBXBuildFile; fileRef = 4B021CAC2A7011A87C852FA2 /* EventData.swift */; };
		E2140F7A8CF6B3D23D39F018 /* PartnerView.swift in Sources */ = {isa = PBXBuildFile; fileRef = 1ABB7C2F7594AD52927C5989 /* PartnerView.swift */; };
		E95250185C48203AEEF9B891 /* LegalTroubleView.swift in Sources */ = {isa = PBXBuildFile; fileRef = 19CC12F6CC7A62B7E627B090 /* LegalTroubleView.swift */; };
		EC0657B153DD4F722A6C9072 /* EducationLevel.swift in Sources */ = {isa = PBXBuildFile; fileRef = A085026D4DA3A717DFC724EB /* EducationLevel.swift */; };
		EE5939653A5FA5C8F47D4889 /* AccessoryData.swift in Sources */ = {isa = PBXBuildFile; fileRef = C211054F99E197CE039633DE /* AccessoryData.swift */; };
		EE8B714843CEF3D3EA9A14AE /* StatBarView.swift in Sources */ = {isa = PBXBuildFile; fileRef = AA3FACFF17D809F9B72BDB93 /* StatBarView.swift */; };
		EF8B7F7EF13EFC0B3DED8629 /* CareerView.swift in Sources */ = {isa = PBXBuildFile; fileRef = D56163B56029529903DBB343 /* CareerView.swift */; };
		F53CF4B29DAEE3CCC006ADE8 /* AvatarView.swift in Sources */ = {isa = PBXBuildFile; fileRef = 9FD69493512F2F06C8F09C99 /* AvatarView.swift */; };
		F837BB380B3FAC91EE4CF9A7 /* Migration.swift in Sources */ = {isa = PBXBuildFile; fileRef = B79D71F66A812C413B6530EC /* Migration.swift */; };
		FAEABCB27C4F21B90E740C94 /* FriendsView.swift in Sources */ = {isa = PBXBuildFile; fileRef = 5FC0FF1237A03EE47BD04F4A /* FriendsView.swift */; };
		FBEEB9AD753A8C9B9B42BE7B /* ContentView.swift in Sources */ = {isa = PBXBuildFile; fileRef = 9A55CDC31927EE00AFF86E25 /* ContentView.swift */; };
/* End PBXBuildFile section */

/* Begin PBXFileReference section */
		018C2097B1E6E0D3255A3753 /* StartView.swift */ = {isa = PBXFileReference; lastKnownFileType = sourcecode.swift; path = StartView.swift; sourceTree = "<group>"; };
		0B3B5598D9FB537170EECCB8 /* JobInterview.swift */ = {isa = PBXFileReference; lastKnownFileType = sourcecode.swift; path = JobInterview.swift; sourceTree = "<group>"; };
		17B94748765106B6478DE17C /* CultureRegion.swift */ = {isa = PBXFileReference; lastKnownFileType = sourcecode.swift; path = CultureRegion.swift; sourceTree = "<group>"; };
		19CC12F6CC7A62B7E627B090 /* LegalTroubleView.swift */ = {isa = PBXFileReference; lastKnownFileType = sourcecode.swift; path = LegalTroubleView.swift; sourceTree = "<group>"; };
		19DA1A1934142FDB6BBCCAEE /* LogEntry.swift */ = {isa = PBXFileReference; lastKnownFileType = sourcecode.swift; path = LogEntry.swift; sourceTree = "<group>"; };
		1ABB7C2F7594AD52927C5989 /* PartnerView.swift */ = {isa = PBXFileReference; lastKnownFileType = sourcecode.swift; path = PartnerView.swift; sourceTree = "<group>"; };
		1B4B8FA89122585E57A79A2D /* Partner.swift */ = {isa = PBXFileReference; lastKnownFileType = sourcecode.swift; path = Partner.swift; sourceTree = "<group>"; };
		2D3A59BA78E371DC573EC3F2 /* Condition.swift */ = {isa = PBXFileReference; lastKnownFileType = sourcecode.swift; path = Condition.swift; sourceTree = "<group>"; };
		2DEFAF6204EFC1CF0D95D074 /* JobApplicationOutcome.swift */ = {isa = PBXFileReference; lastKnownFileType = sourcecode.swift; path = JobApplicationOutcome.swift; sourceTree = "<group>"; };
		2E3A5860410EF28ECC0F3501 /* SaveManager.swift */ = {isa = PBXFileReference; lastKnownFileType = sourcecode.swift; path = SaveManager.swift; sourceTree = "<group>"; };
		314E4F47907ED17B31F664A5 /* CheckupOutcome.swift */ = {isa = PBXFileReference; lastKnownFileType = sourcecode.swift; path = CheckupOutcome.swift; sourceTree = "<group>"; };
		38288ABAC88A035D57BEF508 /* ShopView.swift */ = {isa = PBXFileReference; lastKnownFileType = sourcecode.swift; path = ShopView.swift; sourceTree = "<group>"; };
		498BFF093C120E69B110D613 /* LifeSimApp.swift */ = {isa = PBXFileReference; lastKnownFileType = sourcecode.swift; path = LifeSimApp.swift; sourceTree = "<group>"; };
		4B021CAC2A7011A87C852FA2 /* EventData.swift */ = {isa = PBXFileReference; lastKnownFileType = sourcecode.swift; path = EventData.swift; sourceTree = "<group>"; };
		53C4F4296CE4C980B78D63DE /* GameView.swift */ = {isa = PBXFileReference; lastKnownFileType = sourcecode.swift; path = GameView.swift; sourceTree = "<group>"; };
		5418A06147AECE762D53415A /* Accessory.swift */ = {isa = PBXFileReference; lastKnownFileType = sourcecode.swift; path = Accessory.swift; sourceTree = "<group>"; };
		5A87B6C91687DA5A6DC37915 /* SpeechBubble.swift */ = {isa = PBXFileReference; lastKnownFileType = sourcecode.swift; path = SpeechBubble.swift; sourceTree = "<group>"; };
		5FA2095FE328DFF72A52D243 /* GameOverView.swift */ = {isa = PBXFileReference; lastKnownFileType = sourcecode.swift; path = GameOverView.swift; sourceTree = "<group>"; };
		5FC0FF1237A03EE47BD04F4A /* FriendsView.swift */ = {isa = PBXFileReference; lastKnownFileType = sourcecode.swift; path = FriendsView.swift; sourceTree = "<group>"; };
		623282954906BA7846CE57D8 /* LifeStage.swift */ = {isa = PBXFileReference; lastKnownFileType = sourcecode.swift; path = LifeStage.swift; sourceTree = "<group>"; };
		66AC5D8E6F50F35CF3264A33 /* ShopHubView.swift */ = {isa = PBXFileReference; lastKnownFileType = sourcecode.swift; path = ShopHubView.swift; sourceTree = "<group>"; };
		6BAFAA6748BD5B24E4CDBE78 /* PersonDetailView.swift */ = {isa = PBXFileReference; lastKnownFileType = sourcecode.swift; path = PersonDetailView.swift; sourceTree = "<group>"; };
		6CE9CCC7D842C58779D8EA5B /* SoundManager.swift */ = {isa = PBXFileReference; lastKnownFileType = sourcecode.swift; path = SoundManager.swift; sourceTree = "<group>"; };
		6FD3A2329ACF91CC73D6AE33 /* DoctorService.swift */ = {isa = PBXFileReference; lastKnownFileType = sourcecode.swift; path = DoctorService.swift; sourceTree = "<group>"; };
		73E3DC4D1111914759521099 /* DoctorView.swift */ = {isa = PBXFileReference; lastKnownFileType = sourcecode.swift; path = DoctorView.swift; sourceTree = "<group>"; };
		76D85EF3919035C3E00339BE /* Job.swift */ = {isa = PBXFileReference; lastKnownFileType = sourcecode.swift; path = Job.swift; sourceTree = "<group>"; };
		78F873C48EFB76F65BD21612 /* PersonSelection.swift */ = {isa = PBXFileReference; lastKnownFileType = sourcecode.swift; path = PersonSelection.swift; sourceTree = "<group>"; };
		7DD94A2F79CA75B58918F92B /* LegalTrouble.swift */ = {isa = PBXFileReference; lastKnownFileType = sourcecode.swift; path = LegalTrouble.swift; sourceTree = "<group>"; };
		7E72C831FF36892091044DD2 /* WeaponShopView.swift */ = {isa = PBXFileReference; lastKnownFileType = sourcecode.swift; path = WeaponShopView.swift; sourceTree = "<group>"; };
		807DCA62E9F38259208D3AE0 /* ActivitiesView.swift */ = {isa = PBXFileReference; lastKnownFileType = sourcecode.swift; path = ActivitiesView.swift; sourceTree = "<group>"; };
		8112D53C5F44450762DF98E1 /* MigrationData.swift */ = {isa = PBXFileReference; lastKnownFileType = sourcecode.swift; path = MigrationData.swift; sourceTree = "<group>"; };
		8E85E543CB1F0D833B1E3AE4 /* CheckupCutsceneView.swift */ = {isa = PBXFileReference; lastKnownFileType = sourcecode.swift; path = CheckupCutsceneView.swift; sourceTree = "<group>"; };
		92F57A1DD274D4CAED42DFCA /* MigrationMapView.swift */ = {isa = PBXFileReference; lastKnownFileType = sourcecode.swift; path = MigrationMapView.swift; sourceTree = "<group>"; };
		9A55CDC31927EE00AFF86E25 /* ContentView.swift */ = {isa = PBXFileReference; lastKnownFileType = sourcecode.swift; path = ContentView.swift; sourceTree = "<group>"; };
		9FD69493512F2F06C8F09C99 /* AvatarView.swift */ = {isa = PBXFileReference; lastKnownFileType = sourcecode.swift; path = AvatarView.swift; sourceTree = "<group>"; };
		A085026D4DA3A717DFC724EB /* EducationLevel.swift */ = {isa = PBXFileReference; lastKnownFileType = sourcecode.swift; path = EducationLevel.swift; sourceTree = "<group>"; };
		A30913FFD322B94B2D14EABF /* LifeSim.app */ = {isa = PBXFileReference; includeInIndex = 0; lastKnownFileType = wrapper.application; path = LifeSim.app; sourceTree = BUILT_PRODUCTS_DIR; };
		A49299338383F60CA568A57C /* Stats.swift */ = {isa = PBXFileReference; lastKnownFileType = sourcecode.swift; path = Stats.swift; sourceTree = "<group>"; };
		A75C4D4EC9633DD8EC0D5D4B /* Weapon.swift */ = {isa = PBXFileReference; lastKnownFileType = sourcecode.swift; path = Weapon.swift; sourceTree = "<group>"; };
		AA3FACFF17D809F9B72BDB93 /* StatBarView.swift */ = {isa = PBXFileReference; lastKnownFileType = sourcecode.swift; path = StatBarView.swift; sourceTree = "<group>"; };
		B47B50931C61679879909248 /* InterviewData.swift */ = {isa = PBXFileReference; lastKnownFileType = sourcecode.swift; path = InterviewData.swift; sourceTree = "<group>"; };
		B603302A0DE0BDD25696C152 /* Robbery.swift */ = {isa = PBXFileReference; lastKnownFileType = sourcecode.swift; path = Robbery.swift; sourceTree = "<group>"; };
		B79D71F66A812C413B6530EC /* Migration.swift */ = {isa = PBXFileReference; lastKnownFileType = sourcecode.swift; path = Migration.swift; sourceTree = "<group>"; };
		BA825208807E9B9A0B9663D2 /* Activity.swift */ = {isa = PBXFileReference; lastKnownFileType = sourcecode.swift; path = Activity.swift; sourceTree = "<group>"; };
		BBFB5CA3026FDF725487F624 /* LifeEvent.swift */ = {isa = PBXFileReference; lastKnownFileType = sourcecode.swift; path = LifeEvent.swift; sourceTree = "<group>"; };
		BEF2281C177FDA4FF11918D7 /* FamilyView.swift */ = {isa = PBXFileReference; lastKnownFileType = sourcecode.swift; path = FamilyView.swift; sourceTree = "<group>"; };
		C1D83236157BCC115DC46FAE /* WeaponData.swift */ = {isa = PBXFileReference; lastKnownFileType = sourcecode.swift; path = WeaponData.swift; sourceTree = "<group>"; };
		C211054F99E197CE039633DE /* AccessoryData.swift */ = {isa = PBXFileReference; lastKnownFileType = sourcecode.swift; path = AccessoryData.swift; sourceTree = "<group>"; };
		C4775C17C9D66AD4DF315ADA /* RelationshipHistory.swift */ = {isa = PBXFileReference; lastKnownFileType = sourcecode.swift; path = RelationshipHistory.swift; sourceTree = "<group>"; };
		CB022AE9403EDAFB821D086D /* OutfitData.swift */ = {isa = PBXFileReference; lastKnownFileType = sourcecode.swift; path = OutfitData.swift; sourceTree = "<group>"; };
		CED6AAECC5CAE2459C65409C /* FamilyMember.swift */ = {isa = PBXFileReference; lastKnownFileType = sourcecode.swift; path = FamilyMember.swift; sourceTree = "<group>"; };
		D0604CEEB7A19A40A8B1E9AF /* Character.swift */ = {isa = PBXFileReference; lastKnownFileType = sourcecode.swift; path = Character.swift; sourceTree = "<group>"; };
		D101AC5AC8FB0BE993EE8D7D /* JobData.swift */ = {isa = PBXFileReference; lastKnownFileType = sourcecode.swift; path = JobData.swift; sourceTree = "<group>"; };
		D40FDAE12002D18E1023C53F /* CountryData.swift */ = {isa = PBXFileReference; lastKnownFileType = sourcecode.swift; path = CountryData.swift; sourceTree = "<group>"; };
		D56163B56029529903DBB343 /* CareerView.swift */ = {isa = PBXFileReference; lastKnownFileType = sourcecode.swift; path = CareerView.swift; sourceTree = "<group>"; };
		DFEB3818BD33EF7DF82DD27A /* NameData.swift */ = {isa = PBXFileReference; lastKnownFileType = sourcecode.swift; path = NameData.swift; sourceTree = "<group>"; };
		E33EF9AA39DF2EC37996EEC0 /* Friend.swift */ = {isa = PBXFileReference; lastKnownFileType = sourcecode.swift; path = Friend.swift; sourceTree = "<group>"; };
		E4B6007B7A2904594915715D /* JobApplicationCutsceneView.swift */ = {isa = PBXFileReference; lastKnownFileType = sourcecode.swift; path = JobApplicationCutsceneView.swift; sourceTree = "<group>"; };
		EE0E4DE72C3AB269C72E314B /* MigrationQuizView.swift */ = {isa = PBXFileReference; lastKnownFileType = sourcecode.swift; path = MigrationQuizView.swift; sourceTree = "<group>"; };
		F08BF4B0A45BCA4473598635 /* GameViewModel.swift */ = {isa = PBXFileReference; lastKnownFileType = sourcecode.swift; path = GameViewModel.swift; sourceTree = "<group>"; };
		F69A444E9462F43EB959B677 /* ClothingShopView.swift */ = {isa = PBXFileReference; lastKnownFileType = sourcecode.swift; path = ClothingShopView.swift; sourceTree = "<group>"; };
		FBEBD53A5E34A5282F14B679 /* Outfit.swift */ = {isa = PBXFileReference; lastKnownFileType = sourcecode.swift; path = Outfit.swift; sourceTree = "<group>"; };
/* End PBXFileReference section */

/* Begin PBXGroup section */
		0882F0FF4755E782E981E8DD = {
			isa = PBXGroup;
			children = (
				73D166D464968CADB5EDD41E /* Sources */,
				B6820C5B80A3368DB0A1B2EC /* Products */,
			);
			sourceTree = "<group>";
		};
		425C011D72C25595D3A93E73 /* ViewModels */ = {
			isa = PBXGroup;
			children = (
				F08BF4B0A45BCA4473598635 /* GameViewModel.swift */,
				2E3A5860410EF28ECC0F3501 /* SaveManager.swift */,
			);
			path = ViewModels;
			sourceTree = "<group>";
		};
		4FB80EDD830556C61F4CB3F4 /* Models */ = {
			isa = PBXGroup;
			children = (
				5418A06147AECE762D53415A /* Accessory.swift */,
				BA825208807E9B9A0B9663D2 /* Activity.swift */,
				D0604CEEB7A19A40A8B1E9AF /* Character.swift */,
				314E4F47907ED17B31F664A5 /* CheckupOutcome.swift */,
				2D3A59BA78E371DC573EC3F2 /* Condition.swift */,
				17B94748765106B6478DE17C /* CultureRegion.swift */,
				6FD3A2329ACF91CC73D6AE33 /* DoctorService.swift */,
				A085026D4DA3A717DFC724EB /* EducationLevel.swift */,
				CED6AAECC5CAE2459C65409C /* FamilyMember.swift */,
				E33EF9AA39DF2EC37996EEC0 /* Friend.swift */,
				76D85EF3919035C3E00339BE /* Job.swift */,
				2DEFAF6204EFC1CF0D95D074 /* JobApplicationOutcome.swift */,
				0B3B5598D9FB537170EECCB8 /* JobInterview.swift */,
				7DD94A2F79CA75B58918F92B /* LegalTrouble.swift */,
				BBFB5CA3026FDF725487F624 /* LifeEvent.swift */,
				623282954906BA7846CE57D8 /* LifeStage.swift */,
				19DA1A1934142FDB6BBCCAEE /* LogEntry.swift */,
				B79D71F66A812C413B6530EC /* Migration.swift */,
				FBEBD53A5E34A5282F14B679 /* Outfit.swift */,
				1B4B8FA89122585E57A79A2D /* Partner.swift */,
				78F873C48EFB76F65BD21612 /* PersonSelection.swift */,
				C4775C17C9D66AD4DF315ADA /* RelationshipHistory.swift */,
				B603302A0DE0BDD25696C152 /* Robbery.swift */,
				A49299338383F60CA568A57C /* Stats.swift */,
				A75C4D4EC9633DD8EC0D5D4B /* Weapon.swift */,
			);
			path = Models;
			sourceTree = "<group>";
		};
		59719BAFB4EBB283CE00FF6B /* Audio */ = {
			isa = PBXGroup;
			children = (
				6CE9CCC7D842C58779D8EA5B /* SoundManager.swift */,
			);
			path = Audio;
			sourceTree = "<group>";
		};
		73D166D464968CADB5EDD41E /* Sources */ = {
			isa = PBXGroup;
			children = (
				498BFF093C120E69B110D613 /* LifeSimApp.swift */,
				59719BAFB4EBB283CE00FF6B /* Audio */,
				F28BBAFBD519C4B21295CA12 /* Data */,
				4FB80EDD830556C61F4CB3F4 /* Models */,
				425C011D72C25595D3A93E73 /* ViewModels */,
				DF06AA5882029A72AD721443 /* Views */,
			);
			name = Sources;
			path = LifeSim/Sources;
			sourceTree = "<group>";
		};
		B6820C5B80A3368DB0A1B2EC /* Products */ = {
			isa = PBXGroup;
			children = (
				A30913FFD322B94B2D14EABF /* LifeSim.app */,
			);
			name = Products;
			sourceTree = "<group>";
		};
		DF06AA5882029A72AD721443 /* Views */ = {
			isa = PBXGroup;
			children = (
				807DCA62E9F38259208D3AE0 /* ActivitiesView.swift */,
				9FD69493512F2F06C8F09C99 /* AvatarView.swift */,
				D56163B56029529903DBB343 /* CareerView.swift */,
				8E85E543CB1F0D833B1E3AE4 /* CheckupCutsceneView.swift */,
				F69A444E9462F43EB959B677 /* ClothingShopView.swift */,
				9A55CDC31927EE00AFF86E25 /* ContentView.swift */,
				73E3DC4D1111914759521099 /* DoctorView.swift */,
				BEF2281C177FDA4FF11918D7 /* FamilyView.swift */,
				5FC0FF1237A03EE47BD04F4A /* FriendsView.swift */,
				5FA2095FE328DFF72A52D243 /* GameOverView.swift */,
				53C4F4296CE4C980B78D63DE /* GameView.swift */,
				E4B6007B7A2904594915715D /* JobApplicationCutsceneView.swift */,
				19CC12F6CC7A62B7E627B090 /* LegalTroubleView.swift */,
				92F57A1DD274D4CAED42DFCA /* MigrationMapView.swift */,
				EE0E4DE72C3AB269C72E314B /* MigrationQuizView.swift */,
				1ABB7C2F7594AD52927C5989 /* PartnerView.swift */,
				6BAFAA6748BD5B24E4CDBE78 /* PersonDetailView.swift */,
				66AC5D8E6F50F35CF3264A33 /* ShopHubView.swift */,
				38288ABAC88A035D57BEF508 /* ShopView.swift */,
				5A87B6C91687DA5A6DC37915 /* SpeechBubble.swift */,
				018C2097B1E6E0D3255A3753 /* StartView.swift */,
				AA3FACFF17D809F9B72BDB93 /* StatBarView.swift */,
				7E72C831FF36892091044DD2 /* WeaponShopView.swift */,
			);
			path = Views;
			sourceTree = "<group>";
		};
		F28BBAFBD519C4B21295CA12 /* Data */ = {
			isa = PBXGroup;
			children = (
				C211054F99E197CE039633DE /* AccessoryData.swift */,
				D40FDAE12002D18E1023C53F /* CountryData.swift */,
				4B021CAC2A7011A87C852FA2 /* EventData.swift */,
				B47B50931C61679879909248 /* InterviewData.swift */,
				D101AC5AC8FB0BE993EE8D7D /* JobData.swift */,
				8112D53C5F44450762DF98E1 /* MigrationData.swift */,
				DFEB3818BD33EF7DF82DD27A /* NameData.swift */,
				CB022AE9403EDAFB821D086D /* OutfitData.swift */,
				C1D83236157BCC115DC46FAE /* WeaponData.swift */,
			);
			path = Data;
			sourceTree = "<group>";
		};
/* End PBXGroup section */

/* Begin PBXNativeTarget section */
		9D98CF5BC0A213AA5D5B5688 /* LifeSim */ = {
			isa = PBXNativeTarget;
			buildConfigurationList = 06C879E9291C924AEF289D80 /* Build configuration list for PBXNativeTarget "LifeSim" */;
			buildPhases = (
				55E920976C79C36033B9888E /* Sources */,
			);
			buildRules = (
			);
			dependencies = (
			);
			name = LifeSim;
			packageProductDependencies = (
			);
			productName = LifeSim;
			productReference = A30913FFD322B94B2D14EABF /* LifeSim.app */;
			productType = "com.apple.product-type.application";
		};
/* End PBXNativeTarget section */

/* Begin PBXProject section */
		F7CC73EA0214B15A75A05535 /* Project object */ = {
			isa = PBXProject;
			attributes = {
				BuildIndependentTargetsInParallel = YES;
				LastUpgradeCheck = 1430;
				TargetAttributes = {
					9D98CF5BC0A213AA5D5B5688 = {
						DevelopmentTeam = "";
						ProvisioningStyle = Automatic;
					};
				};
			};
			buildConfigurationList = 770290AF4F93095E6B6D1CFB /* Build configuration list for PBXProject "LifeSim" */;
			developmentRegion = en;
			hasScannedForEncodings = 0;
			knownRegions = (
				Base,
				en,
			);
			mainGroup = 0882F0FF4755E782E981E8DD;
			minimizedProjectReferenceProxies = 1;
			preferredProjectObjectVersion = 77;
			productRefGroup = B6820C5B80A3368DB0A1B2EC /* Products */;
			projectDirPath = "";
			projectRoot = "";
			targets = (
				9D98CF5BC0A213AA5D5B5688 /* LifeSim */,
			);
		};
/* End PBXProject section */

/* Begin PBXSourcesBuildPhase section */
		55E920976C79C36033B9888E /* Sources */ = {
			isa = PBXSourcesBuildPhase;
			buildActionMask = 2147483647;
			files = (
				AF0915785488327A829E5D57 /* Accessory.swift in Sources */,
				EE5939653A5FA5C8F47D4889 /* AccessoryData.swift in Sources */,
				1F5970999F0070B306BB30B9 /* ActivitiesView.swift in Sources */,
				747B66D3D44B388078DB910B /* Activity.swift in Sources */,
				F53CF4B29DAEE3CCC006ADE8 /* AvatarView.swift in Sources */,
				EF8B7F7EF13EFC0B3DED8629 /* CareerView.swift in Sources */,
				4247ACA03B44F276C3CA9280 /* Character.swift in Sources */,
				9F923B2C45BA402F3D2FEBFD /* CheckupCutsceneView.swift in Sources */,
				B5FEDC8269674D94F4A300B0 /* CheckupOutcome.swift in Sources */,
				5CEC6E8F6807375097BAF0BF /* ClothingShopView.swift in Sources */,
				43BCB1110403CDAFF4909423 /* Condition.swift in Sources */,
				FBEEB9AD753A8C9B9B42BE7B /* ContentView.swift in Sources */,
				7EB91FCEEE66CE0137BC7893 /* CountryData.swift in Sources */,
				9DE06E1AA76AC7E845BCB78D /* CultureRegion.swift in Sources */,
				705649F38A888B8C021974C8 /* DoctorService.swift in Sources */,
				1AE2B246FF197D098A0772DB /* DoctorView.swift in Sources */,
				EC0657B153DD4F722A6C9072 /* EducationLevel.swift in Sources */,
				D5EBD3AB73455DE2FA3FF2A1 /* EventData.swift in Sources */,
				813EF8C7B331C16C5FF2B703 /* FamilyMember.swift in Sources */,
				042764148780EDB7812B140A /* FamilyView.swift in Sources */,
				5581C48A30CD092B739EA224 /* Friend.swift in Sources */,
				FAEABCB27C4F21B90E740C94 /* FriendsView.swift in Sources */,
				5087D6412618F86ED0C1C9D8 /* GameOverView.swift in Sources */,
				63081AC133304F33513C3AAD /* GameView.swift in Sources */,
				1C2C1D233554E451A7AEF3BA /* GameViewModel.swift in Sources */,
				4CAD48B416CA854D474432D5 /* InterviewData.swift in Sources */,
				78194782D67D09BEC9EA698B /* Job.swift in Sources */,
				C4D50223AC587DC40587996C /* JobApplicationCutsceneView.swift in Sources */,
				562CDB1EDBF645C1A64C6E98 /* JobApplicationOutcome.swift in Sources */,
				975820D6854185B9B9D58898 /* JobData.swift in Sources */,
				3395742C5A06F58508BC69FD /* JobInterview.swift in Sources */,
				208827C7F0942F487B3A0176 /* LegalTrouble.swift in Sources */,
				E95250185C48203AEEF9B891 /* LegalTroubleView.swift in Sources */,
				BC69B176B990AB99B41C29DB /* LifeEvent.swift in Sources */,
				75EBDBAD47139F748B6D8074 /* LifeSimApp.swift in Sources */,
				7788172E7288C191AA04468E /* LifeStage.swift in Sources */,
				3B02074A4EF89452895BD106 /* LogEntry.swift in Sources */,
				F837BB380B3FAC91EE4CF9A7 /* Migration.swift in Sources */,
				6A0CBE04805D8B2C1E9FAB6E /* MigrationData.swift in Sources */,
				69024174CE7E198941038A62 /* MigrationMapView.swift in Sources */,
				B595ACD02E372299A81F9D5B /* MigrationQuizView.swift in Sources */,
				405BBFB49544E3B18CB1B0D6 /* NameData.swift in Sources */,
				0C133A95F3225139428AEB9D /* Outfit.swift in Sources */,
				63604B039D2993DAA6104352 /* OutfitData.swift in Sources */,
				81BCD8E73F3F06DEDDBF229D /* Partner.swift in Sources */,
				E2140F7A8CF6B3D23D39F018 /* PartnerView.swift in Sources */,
				B2A85308AB72B5622FC835F8 /* PersonDetailView.swift in Sources */,
				7F64C49B4253A9EB84794BAE /* PersonSelection.swift in Sources */,
				921BDA30A9A2E5DBA0D854FF /* RelationshipHistory.swift in Sources */,
				D4033146C8AEDDE24B0ECFCD /* Robbery.swift in Sources */,
				99B7203DE01A074300F17ED5 /* SaveManager.swift in Sources */,
				796328A154470738DF651A05 /* ShopHubView.swift in Sources */,
				867C30143DEA6C06AFD594FF /* ShopView.swift in Sources */,
				750DCFB2CAB3FE36323936F9 /* SoundManager.swift in Sources */,
				858879BD15F5DEE3D3A3543A /* SpeechBubble.swift in Sources */,
				8CBAA720C5C06650266730C9 /* StartView.swift in Sources */,
				EE8B714843CEF3D3EA9A14AE /* StatBarView.swift in Sources */,
				103AA3AAE0F5FDCDFCE3A27B /* Stats.swift in Sources */,
				CBE5B375FC9BB0D7AB1A59FD /* Weapon.swift in Sources */,
				4A706FA6D3272057B676EC6C /* WeaponData.swift in Sources */,
				1FC68FD18E4B0FA767D1C025 /* WeaponShopView.swift in Sources */,
			);
			runOnlyForDeploymentPostprocessing = 0;
		};
/* End PBXSourcesBuildPhase section */

/* Begin XCBuildConfiguration section */
		1C340802C541B0CC2E697EB2 /* Debug */ = {
			isa = XCBuildConfiguration;
			buildSettings = {
				ALWAYS_SEARCH_USER_PATHS = NO;
				CLANG_ANALYZER_NONNULL = YES;
				CLANG_ANALYZER_NUMBER_OBJECT_CONVERSION = YES_AGGRESSIVE;
				CLANG_CXX_LANGUAGE_STANDARD = "gnu++14";
				CLANG_CXX_LIBRARY = "libc++";
				CLANG_ENABLE_MODULES = YES;
				CLANG_ENABLE_OBJC_ARC = YES;
				CLANG_ENABLE_OBJC_WEAK = YES;
				CLANG_WARN_BLOCK_CAPTURE_AUTORELEASING = YES;
				CLANG_WARN_BOOL_CONVERSION = YES;
				CLANG_WARN_COMMA = YES;
				CLANG_WARN_CONSTANT_CONVERSION = YES;
				CLANG_WARN_DEPRECATED_OBJC_IMPLEMENTATIONS = YES;
				CLANG_WARN_DIRECT_OBJC_ISA_USAGE = YES_ERROR;
				CLANG_WARN_DOCUMENTATION_COMMENTS = YES;
				CLANG_WARN_EMPTY_BODY = YES;
				CLANG_WARN_ENUM_CONVERSION = YES;
				CLANG_WARN_INFINITE_RECURSION = YES;
				CLANG_WARN_INT_CONVERSION = YES;
				CLANG_WARN_NON_LITERAL_NULL_CONVERSION = YES;
				CLANG_WARN_OBJC_IMPLICIT_RETAIN_SELF = YES;
				CLANG_WARN_OBJC_LITERAL_CONVERSION = YES;
				CLANG_WARN_OBJC_ROOT_CLASS = YES_ERROR;
				CLANG_WARN_QUOTED_INCLUDE_IN_FRAMEWORK_HEADER = YES;
				CLANG_WARN_RANGE_LOOP_ANALYSIS = YES;
				CLANG_WARN_STRICT_PROTOTYPES = YES;
				CLANG_WARN_SUSPICIOUS_MOVE = YES;
				CLANG_WARN_UNGUARDED_AVAILABILITY = YES_AGGRESSIVE;
				CLANG_WARN_UNREACHABLE_CODE = YES;
				CLANG_WARN__DUPLICATE_METHOD_MATCH = YES;
				CODE_SIGN_STYLE = Automatic;
				COPY_PHASE_STRIP = NO;
				DEBUG_INFORMATION_FORMAT = dwarf;
				DEVELOPMENT_TEAM = "";
				ENABLE_STRICT_OBJC_MSGSEND = YES;
				ENABLE_TESTABILITY = YES;
				GCC_C_LANGUAGE_STANDARD = gnu11;
				GCC_DYNAMIC_NO_PIC = NO;
				GCC_NO_COMMON_BLOCKS = YES;
				GCC_OPTIMIZATION_LEVEL = 0;
				GCC_PREPROCESSOR_DEFINITIONS = (
					"$(inherited)",
					"DEBUG=1",
				);
				GCC_WARN_64_TO_32_BIT_CONVERSION = YES;
				GCC_WARN_ABOUT_RETURN_TYPE = YES_ERROR;
				GCC_WARN_UNDECLARED_SELECTOR = YES;
				GCC_WARN_UNINITIALIZED_AUTOS = YES_AGGRESSIVE;
				GCC_WARN_UNUSED_FUNCTION = YES;
				GCC_WARN_UNUSED_VARIABLE = YES;
				IPHONEOS_DEPLOYMENT_TARGET = 17.0;
				MTL_ENABLE_DEBUG_INFO = INCLUDE_SOURCE;
				MTL_FAST_MATH = YES;
				ONLY_ACTIVE_ARCH = YES;
				PRODUCT_NAME = "$(TARGET_NAME)";
				SDKROOT = iphoneos;
				SWIFT_ACTIVE_COMPILATION_CONDITIONS = DEBUG;
				SWIFT_OPTIMIZATION_LEVEL = "-Onone";
				SWIFT_VERSION = 5.0;
			};
			name = Debug;
		};
		573DA36F0806A8F7B9CC1B4A /* Debug */ = {
			isa = XCBuildConfiguration;
			buildSettings = {
				ASSETCATALOG_COMPILER_APPICON_NAME = AppIcon;
				ASSETSCATALOG_COMPILER_APPICON_NAME = AppIcon;
				CODE_SIGN_IDENTITY = "iPhone Developer";
				INFOPLIST_FILE = LifeSim/Info.plist;
				LD_RUNPATH_SEARCH_PATHS = (
					"$(inherited)",
					"@executable_path/Frameworks",
				);
				PRODUCT_BUNDLE_IDENTIFIER = com.henrybarcroft.lifesim;
				SDKROOT = iphoneos;
				TARGETED_DEVICE_FAMILY = 1;
			};
			name = Debug;
		};
		78E83D426DF3D6B3BBCF760D /* Release */ = {
			isa = XCBuildConfiguration;
			buildSettings = {
				ALWAYS_SEARCH_USER_PATHS = NO;
				CLANG_ANALYZER_NONNULL = YES;
				CLANG_ANALYZER_NUMBER_OBJECT_CONVERSION = YES_AGGRESSIVE;
				CLANG_CXX_LANGUAGE_STANDARD = "gnu++14";
				CLANG_CXX_LIBRARY = "libc++";
				CLANG_ENABLE_MODULES = YES;
				CLANG_ENABLE_OBJC_ARC = YES;
				CLANG_ENABLE_OBJC_WEAK = YES;
				CLANG_WARN_BLOCK_CAPTURE_AUTORELEASING = YES;
				CLANG_WARN_BOOL_CONVERSION = YES;
				CLANG_WARN_COMMA = YES;
				CLANG_WARN_CONSTANT_CONVERSION = YES;
				CLANG_WARN_DEPRECATED_OBJC_IMPLEMENTATIONS = YES;
				CLANG_WARN_DIRECT_OBJC_ISA_USAGE = YES_ERROR;
				CLANG_WARN_DOCUMENTATION_COMMENTS = YES;
				CLANG_WARN_EMPTY_BODY = YES;
				CLANG_WARN_ENUM_CONVERSION = YES;
				CLANG_WARN_INFINITE_RECURSION = YES;
				CLANG_WARN_INT_CONVERSION = YES;
				CLANG_WARN_NON_LITERAL_NULL_CONVERSION = YES;
				CLANG_WARN_OBJC_IMPLICIT_RETAIN_SELF = YES;
				CLANG_WARN_OBJC_LITERAL_CONVERSION = YES;
				CLANG_WARN_OBJC_ROOT_CLASS = YES_ERROR;
				CLANG_WARN_QUOTED_INCLUDE_IN_FRAMEWORK_HEADER = YES;
				CLANG_WARN_RANGE_LOOP_ANALYSIS = YES;
				CLANG_WARN_STRICT_PROTOTYPES = YES;
				CLANG_WARN_SUSPICIOUS_MOVE = YES;
				CLANG_WARN_UNGUARDED_AVAILABILITY = YES_AGGRESSIVE;
				CLANG_WARN_UNREACHABLE_CODE = YES;
				CLANG_WARN__DUPLICATE_METHOD_MATCH = YES;
				CODE_SIGN_STYLE = Automatic;
				COPY_PHASE_STRIP = NO;
				DEBUG_INFORMATION_FORMAT = "dwarf-with-dsym";
				DEVELOPMENT_TEAM = "";
				ENABLE_NS_ASSERTIONS = NO;
				ENABLE_STRICT_OBJC_MSGSEND = YES;
				GCC_C_LANGUAGE_STANDARD = gnu11;
				GCC_NO_COMMON_BLOCKS = YES;
				GCC_WARN_64_TO_32_BIT_CONVERSION = YES;
				GCC_WARN_ABOUT_RETURN_TYPE = YES_ERROR;
				GCC_WARN_UNDECLARED_SELECTOR = YES;
				GCC_WARN_UNINITIALIZED_AUTOS = YES_AGGRESSIVE;
				GCC_WARN_UNUSED_FUNCTION = YES;
				GCC_WARN_UNUSED_VARIABLE = YES;
				IPHONEOS_DEPLOYMENT_TARGET = 17.0;
				MTL_ENABLE_DEBUG_INFO = NO;
				MTL_FAST_MATH = YES;
				PRODUCT_NAME = "$(TARGET_NAME)";
				SDKROOT = iphoneos;
				SWIFT_COMPILATION_MODE = wholemodule;
				SWIFT_OPTIMIZATION_LEVEL = "-O";
				SWIFT_VERSION = 5.0;
			};
			name = Release;
		};
		AF4C34EA98C1535BCA9B0765 /* Release */ = {
			isa = XCBuildConfiguration;
			buildSettings = {
				ASSETCATALOG_COMPILER_APPICON_NAME = AppIcon;
				ASSETSCATALOG_COMPILER_APPICON_NAME = AppIcon;
				CODE_SIGN_IDENTITY = "iPhone Developer";
				INFOPLIST_FILE = LifeSim/Info.plist;
				LD_RUNPATH_SEARCH_PATHS = (
					"$(inherited)",
					"@executable_path/Frameworks",
				);
				PRODUCT_BUNDLE_IDENTIFIER = com.henrybarcroft.lifesim;
				SDKROOT = iphoneos;
				TARGETED_DEVICE_FAMILY = 1;
			};
			name = Release;
		};
/* End XCBuildConfiguration section */

/* Begin XCConfigurationList section */
		06C879E9291C924AEF289D80 /* Build configuration list for PBXNativeTarget "LifeSim" */ = {
			isa = XCConfigurationList;
			buildConfigurations = (
				573DA36F0806A8F7B9CC1B4A /* Debug */,
				AF4C34EA98C1535BCA9B0765 /* Release */,
			);
			defaultConfigurationIsVisible = 0;
			defaultConfigurationName = Debug;
		};
		770290AF4F93095E6B6D1CFB /* Build configuration list for PBXProject "LifeSim" */ = {
			isa = XCConfigurationList;
			buildConfigurations = (
				1C340802C541B0CC2E697EB2 /* Debug */,
				78E83D426DF3D6B3BBCF760D /* Release */,
			);
			defaultConfigurationIsVisible = 0;
			defaultConfigurationName = Debug;
		};
/* End XCConfigurationList section */
	};
	rootObject = F7CC73EA0214B15A75A05535 /* Project object */;
}
